
Microsoft Visual Studio Solution File, Format Version 12.00
# Visual Studio Version 16
VisualStudioVersion = 16.0.29709.97
MinimumVisualStudioVersion = 10.0.40219.1
Project("{FAE04EC0-301F-11D3-BF4B-00C04F79EFBC}") = "wpf_entity_test", "wpf_entity_test\wpf_entity_test.csproj", "{390CBAD4-273D-4FFC-A26E-BB4AB619AA10}"
EndProject
Global
	GlobalSection(SolutionConfigurationPlatforms) = preSolution
		Debug|Any CPU = Debug|Any CPU
		Release|Any CPU = Release|Any CPU
	EndGlobalSection
	GlobalSection(ProjectConfigurationPlatforms) = postSolution
		{390CBAD4-273D-4FFC-A26E-BB4AB619AA10}.Debug|Any CPU.ActiveCfg = Debug|Any CPU
		{390CBAD4-273D-4FFC-A26E-BB4AB619AA10}.Debug|Any CPU.Build.0 = Debug|Any CPU
		{390CBAD4-273D-4FFC-A26E-BB4AB619AA10}.Release|Any CPU.ActiveCfg = Release|Any CPU
		{390CBAD4-273D-4FFC-A26E-BB4AB619AA10}.Release|Any CPU.Build.0 = Release|Any CPU
	EndGlobalSection
	GlobalSection(SolutionProperties) = preSolution
		HideSolutionNode = FALSE
	EndGlobalSection
	GlobalSection(ExtensibilityGlobals) = postSolution
		SolutionGuid = {EFF49103-C76D-4825-8CEF-8C7B14CCA78F}
	EndGlobalSection
EndGlobal
